
Microsoft Visual Studio Solution File, Format Version 12.00
# Visual Studio Version 17
VisualStudioVersion = 17.7.34202.233
MinimumVisualStudioVersion = 10.0.40219.1
Project("{FAE04EC0-301F-11D3-BF4B-00C04F79EFBC}") = "LandingSite.Web", "LandingSite.Web.csproj", "{1ADCA0C5-A3B3-4060-94EE-94BE981BD335}"
EndProject
Global
	GlobalSection(SolutionConfigurationPlatforms) = preSolution
		Debug|Any CPU = Debug|Any CPU
		Release|Any CPU = Release|Any CPU
	EndGlobalSection
	GlobalSection(ProjectConfigurationPlatforms) = postSolution
		{1ADCA0C5-A3B3-4060-94EE-94BE981BD335}.Debug|Any CPU.ActiveCfg = Debug|Any CPU
		{1ADCA0C5-A3B3-4060-94EE-94BE981BD335}.Debug|Any CPU.Build.0 = Debug|Any CPU
		{1ADCA0C5-A3B3-4060-94EE-94BE981BD335}.Release|Any CPU.ActiveCfg = Release|Any CPU
		{1ADCA0C5-A3B3-4060-94EE-94BE981BD335}.Release|Any CPU.Build.0 = Release|Any CPU
	EndGlobalSection
	GlobalSection(SolutionProperties) = preSolution
		HideSolutionNode = FALSE
	EndGlobalSection
	GlobalSection(ExtensibilityGlobals) = postSolution
		SolutionGuid = {4CEEC856-00BA-4FDB-AA66-F29226681F9A}
	EndGlobalSection
EndGlobal
